
Microsoft Visual Studio Solution File, Format Version 12.00
# Visual Studio Version 16
VisualStudioVersion = 16.0.30413.136
MinimumVisualStudioVersion = 10.0.40219.1
Project("{FAE04EC0-301F-11D3-BF4B-00C04F79EFBC}") = "IP-TranslatorCalculator", "IP-TranslatorCalculator.csproj", "{756D0565-BD66-467E-817E-94E5AA6E95C9}"
EndProject
Global
	GlobalSection(SolutionConfigurationPlatforms) = preSolution
		Debug|Any CPU = Debug|Any CPU
		Release|Any CPU = Release|Any CPU
	EndGlobalSection
	GlobalSection(ProjectConfigurationPlatforms) = postSolution
		{756D0565-BD66-467E-817E-94E5AA6E95C9}.Debug|Any CPU.ActiveCfg = Debug|Any CPU
		{756D0565-BD66-467E-817E-94E5AA6E95C9}.Debug|Any CPU.Build.0 = Debug|Any CPU
		{756D0565-BD66-467E-817E-94E5AA6E95C9}.Release|Any CPU.ActiveCfg = Release|Any CPU
		{756D0565-BD66-467E-817E-94E5AA6E95C9}.Release|Any CPU.Build.0 = Release|Any CPU
	EndGlobalSection
	GlobalSection(SolutionProperties) = preSolution
		HideSolutionNode = FALSE
	EndGlobalSection
	GlobalSection(ExtensibilityGlobals) = postSolution
		SolutionGuid = {B45DFB53-92A2-4B39-9D90-C3D913B83ECE}
	EndGlobalSection
EndGlobal
